// !$*UTF8*$!
{
	archiveVersion = 1;
	classes = {
	};
	objectVersion = 46;
	objects = {

/* Begin PBXBuildFile section */
		7B1C37E01C8AC9B700B0F0AD /* Main.storyboard in Resources */ = {isa = PBXBuildFile; fileRef = 7B1C37DE1C8AC9B700B0F0AD /* Main.storyboard */; };
		7B1C37E21C8AC9B700B0F0AD /* Assets.xcassets in Resources */ = {isa = PBXBuildFile; fileRef = 7B1C37E11C8AC9B700B0F0AD /* Assets.xcassets */; };
		7B1C37E51C8AC9B700B0F0AD /* LaunchScreen.storyboard in Resources */ = {isa = PBXBuildFile; fileRef = 7B1C37E31C8AC9B700B0F0AD /* LaunchScreen.storyboard */; };
		7B1C38031C8AD4C300B0F0AD /* baby.jpg in Resources */ = {isa = PBXBuildFile; fileRef = 7B1C37F31C8AD4C300B0F0AD /* baby.jpg */; };
		7B1C38041C8AD4C300B0F0AD /* bag.jpg in Resources */ = {isa = PBXBuildFile; fileRef = 7B1C37F41C8AD4C300B0F0AD /* bag.jpg */; };
		7B1C38051C8AD4C300B0F0AD /* book.jpg in Resources */ = {isa = PBXBuildFile; fileRef = 7B1C37F51C8AD4C300B0F0AD /* book.jpg */; };
		7B1C38061C8AD4C300B0F0AD /* buty.jpg in Resources */ = {isa = PBXBuildFile; fileRef = 7B1C37F61C8AD4C300B0F0AD /* buty.jpg */; };
		7B1C38071C8AD4C300B0F0AD /* clean.jpg in Resources */ = {isa = PBXBuildFile; fileRef = 7B1C37F71C8AD4C300B0F0AD /* clean.jpg */; };
		7B1C38081C8AD4C300B0F0AD /* clothe.jpg in Resources */ = {isa = PBXBuildFile; fileRef = 7B1C37F81C8AD4C300B0F0AD /* clothe.jpg */; };
		7B1C38091C8AD4C300B0F0AD /* decoration.jpg in Resources */ = {isa = PBXBuildFile; fileRef = 7B1C37F91C8AD4C300B0F0AD /* decoration.jpg */; };
		7B1C380A1C8AD4C300B0F0AD /* food.jpg in Resources */ = {isa = PBXBuildFile; fileRef = 7B1C37FA1C8AD4C300B0F0AD /* food.jpg */; };
		7B1C380B1C8AD4C300B0F0AD /* home.jpg in Resources */ = {isa = PBXBuildFile; fileRef = 7B1C37FB1C8AD4C300B0F0AD /* home.jpg */; };
		7B1C380C1C8AD4C300B0F0AD /* knife.jpg in Resources */ = {isa = PBXBuildFile; fileRef = 7B1C37FC1C8AD4C300B0F0AD /* knife.jpg */; };
		7B1C380D1C8AD4C300B0F0AD /* life.jpg in Resources */ = {isa = PBXBuildFile; fileRef = 7B1C37FD1C8AD4C300B0F0AD /* life.jpg */; };
		7B1C380E1C8AD4C300B0F0AD /* mechine.jpg in Resources */ = {isa = PBXBuildFile; fileRef = 7B1C37FE1C8AD4C300B0F0AD /* mechine.jpg */; };
		7B1C380F1C8AD4C300B0F0AD /* pet.jpg in Resources */ = {isa = PBXBuildFile; fileRef = 7B1C37FF1C8AD4C300B0F0AD /* pet.jpg */; };
		7B1C38101C8AD4C300B0F0AD /* phone.jpg in Resources */ = {isa = PBXBuildFile; fileRef = 7B1C38001C8AD4C300B0F0AD /* phone.jpg */; };
		7B1C38111C8AD4C300B0F0AD /* weibo.plist in Resources */ = {isa = PBXBuildFile; fileRef = 7B1C38011C8AD4C300B0F0AD /* weibo.plist */; };
		7B1C38121C8AD4C300B0F0AD /* toy.jpg in Resources */ = {isa = PBXBuildFile; fileRef = 7B1C38021C8AD4C300B0F0AD /* toy.jpg */; };
		7B1C38151C8AD78900B0F0AD /* weibo_not_vip.png in Resources */ = {isa = PBXBuildFile; fileRef = 7B1C38131C8AD78900B0F0AD /* weibo_not_vip.png */; };
		7B1C38161C8AD78900B0F0AD /* weibo_vip.png in Resources */ = {isa = PBXBuildFile; fileRef = 7B1C38141C8AD78900B0F0AD /* weibo_vip.png */; };
		7B1C381D1C8B052C00B0F0AD /* AppDelegate.m in Sources */ = {isa = PBXBuildFile; fileRef = 7B1C37D91C8AC9B700B0F0AD /* AppDelegate.m */; };
		7B1C381E1C8B052C00B0F0AD /* ViewController.m in Sources */ = {isa = PBXBuildFile; fileRef = 7B1C37DC1C8AC9B700B0F0AD /* ViewController.m */; };
		7B1C381F1C8B052C00B0F0AD /* main.m in Sources */ = {isa = PBXBuildFile; fileRef = 7B1C37D61C8AC9B700B0F0AD /* main.m */; };
		7B1C38201C8B052C00B0F0AD /* Weibo.m in Sources */ = {isa = PBXBuildFile; fileRef = 7B1C37F01C8AD2EB00B0F0AD /* Weibo.m */; };
		7B1C38211C8B052C00B0F0AD /* WeiboFrame.m in Sources */ = {isa = PBXBuildFile; fileRef = 7B1C38181C8ADC8C00B0F0AD /* WeiboFrame.m */; };
		7B1C38221C8B052C00B0F0AD /* WeiboCell.m in Sources */ = {isa = PBXBuildFile; fileRef = 7B1C381B1C8ADECA00B0F0AD /* WeiboCell.m */; };
/* End PBXBuildFile section */

/* Begin PBXFileReference section */
		7B1C37D21C8AC9B700B0F0AD /* 19-通过代码自定义cell.app */ = {isa = PBXFileReference; explicitFileType = wrapper.application; includeInIndex = 0; path = "19-通过代码自定义cell.app"; sourceTree = BUILT_PRODUCTS_DIR; };
		7B1C37D61C8AC9B700B0F0AD /* main.m */ = {isa = PBXFileReference; lastKnownFileType = sourcecode.c.objc; path = main.m; sourceTree = "<group>"; };
		7B1C37D81C8AC9B700B0F0AD /* AppDelegate.h */ = {isa = PBXFileReference; lastKnownFileType = sourcecode.c.h; path = AppDelegate.h; sourceTree = "<group>"; };
		7B1C37D91C8AC9B700B0F0AD /* AppDelegate.m */ = {isa = PBXFileReference; lastKnownFileType = sourcecode.c.objc; path = AppDelegate.m; sourceTree = "<group>"; };
		7B1C37DB1C8AC9B700B0F0AD /* ViewController.h */ = {isa = PBXFileReference; lastKnownFileType = sourcecode.c.h; path = ViewController.h; sourceTree = "<group>"; };
		7B1C37DC1C8AC9B700B0F0AD /* ViewController.m */ = {isa = PBXFileReference; lastKnownFileType = sourcecode.c.objc; path = ViewController.m; sourceTree = "<group>"; };
		7B1C37DF1C8AC9B700B0F0AD /* Base */ = {isa = PBXFileReference; lastKnownFileType = file.storyboard; name = Base; path = Base.lproj/Main.storyboard; sourceTree = "<group>"; };
		7B1C37E11C8AC9B700B0F0AD /* Assets.xcassets */ = {isa = PBXFileReference; lastKnownFileType = folder.assetcatalog; path = Assets.xcassets; sourceTree = "<group>"; };
		7B1C37E41C8AC9B700B0F0AD /* Base */ = {isa = PBXFileReference; lastKnownFileType = file.storyboard; name = Base; path = Base.lproj/LaunchScreen.storyboard; sourceTree = "<group>"; };
		7B1C37E61C8AC9B700B0F0AD /* Info.plist */ = {isa = PBXFileReference; lastKnownFileType = text.plist.xml; path = Info.plist; sourceTree = "<group>"; };
		7B1C37EF1C8AD2EB00B0F0AD /* Weibo.h */ = {isa = PBXFileReference; fileEncoding = 4; lastKnownFileType = sourcecode.c.h; path = Weibo.h; sourceTree = "<group>"; };
		7B1C37F01C8AD2EB00B0F0AD /* Weibo.m */ = {isa = PBXFileReference; fileEncoding = 4; lastKnownFileType = sourcecode.c.objc; path = Weibo.m; sourceTree = "<group>"; };
		7B1C37F31C8AD4C300B0F0AD /* baby.jpg */ = {isa = PBXFileReference; lastKnownFileType = image.jpeg; path = baby.jpg; sourceTree = "<group>"; };
		7B1C37F41C8AD4C300B0F0AD /* bag.jpg */ = {isa = PBXFileReference; lastKnownFileType = image.jpeg; path = bag.jpg; sourceTree = "<group>"; };
		7B1C37F51C8AD4C300B0F0AD /* book.jpg */ = {isa = PBXFileReference; lastKnownFileType = image.jpeg; path = book.jpg; sourceTree = "<group>"; };
		7B1C37F61C8AD4C300B0F0AD /* buty.jpg */ = {isa = PBXFileReference; lastKnownFileType = image.jpeg; path = buty.jpg; sourceTree = "<group>"; };
		7B1C37F71C8AD4C300B0F0AD /* clean.jpg */ = {isa = PBXFileReference; lastKnownFileType = image.jpeg; path = clean.jpg; sourceTree = "<group>"; };
		7B1C37F81C8AD4C300B0F0AD /* clothe.jpg */ = {isa = PBXFileReference; lastKnownFileType = image.jpeg; path = clothe.jpg; sourceTree = "<group>"; };
		7B1C37F91C8AD4C300B0F0AD /* decoration.jpg */ = {isa = PBXFileReference; lastKnownFileType = image.jpeg; path = decoration.jpg; sourceTree = "<group>"; };
		7B1C37FA1C8AD4C300B0F0AD /* food.jpg */ = {isa = PBXFileReference; lastKnownFileType = image.jpeg; path = food.jpg; sourceTree = "<group>"; };
		7B1C37FB1C8AD4C300B0F0AD /* home.jpg */ = {isa = PBXFileReference; lastKnownFileType = image.jpeg; path = home.jpg; sourceTree = "<group>"; };
		7B1C37FC1C8AD4C300B0F0AD /* knife.jpg */ = {isa = PBXFileReference; lastKnownFileType = image.jpeg; path = knife.jpg; sourceTree = "<group>"; };
		7B1C37FD1C8AD4C300B0F0AD /* life.jpg */ = {isa = PBXFileReference; lastKnownFileType = image.jpeg; path = life.jpg; sourceTree = "<group>"; };
		7B1C37FE1C8AD4C300B0F0AD /* mechine.jpg */ = {isa = PBXFileReference; lastKnownFileType = image.jpeg; path = mechine.jpg; sourceTree = "<group>"; };
		7B1C37FF1C8AD4C300B0F0AD /* pet.jpg */ = {isa = PBXFileReference; lastKnownFileType = image.jpeg; path = pet.jpg; sourceTree = "<group>"; };
		7B1C38001C8AD4C300B0F0AD /* phone.jpg */ = {isa = PBXFileReference; lastKnownFileType = image.jpeg; path = phone.jpg; sourceTree = "<group>"; };
		7B1C38011C8AD4C300B0F0AD /* weibo.plist */ = {isa = PBXFileReference; fileEncoding = 4; lastKnownFileType = text.plist.xml; path = weibo.plist; sourceTree = "<group>"; };
		7B1C38021C8AD4C300B0F0AD /* toy.jpg */ = {isa = PBXFileReference; lastKnownFileType = image.jpeg; path = toy.jpg; sourceTree = "<group>"; };
		7B1C38131C8AD78900B0F0AD /* weibo_not_vip.png */ = {isa = PBXFileReference; lastKnownFileType = image.png; path = weibo_not_vip.png; sourceTree = "<group>"; };
		7B1C38141C8AD78900B0F0AD /* weibo_vip.png */ = {isa = PBXFileReference; lastKnownFileType = image.png; path = weibo_vip.png; sourceTree = "<group>"; };
		7B1C38171C8ADC8C00B0F0AD /* WeiboFrame.h */ = {isa = PBXFileReference; fileEncoding = 4; lastKnownFileType = sourcecode.c.h; path = WeiboFrame.h; sourceTree = "<group>"; };
		7B1C38181C8ADC8C00B0F0AD /* WeiboFrame.m */ = {isa = PBXFileReference; fileEncoding = 4; lastKnownFileType = sourcecode.c.objc; path = WeiboFrame.m; sourceTree = "<group>"; };
		7B1C381A1C8ADECA00B0F0AD /* WeiboCell.h */ = {isa = PBXFileReference; fileEncoding = 4; lastKnownFileType = sourcecode.c.h; path = WeiboCell.h; sourceTree = "<group>"; };
		7B1C381B1C8ADECA00B0F0AD /* WeiboCell.m */ = {isa = PBXFileReference; fileEncoding = 4; lastKnownFileType = sourcecode.c.objc; path = WeiboCell.m; sourceTree = "<group>"; };
/* End PBXFileReference section */

/* Begin PBXFrameworksBuildPhase section */
		7B1C37CF1C8AC9B700B0F0AD /* Frameworks */ = {
			isa = PBXFrameworksBuildPhase;
			buildActionMask = 2147483647;
			files = (
			);
			runOnlyForDeploymentPostprocessing = 0;
		};
/* End PBXFrameworksBuildPhase section */

/* Begin PBXGroup section */
		7B1C37C91C8AC9B700B0F0AD = {
			isa = PBXGroup;
			children = (
				7B1C37D41C8AC9B700B0F0AD /* 19-通过代码自定义cell */,
				7B1C37D31C8AC9B700B0F0AD /* Products */,
			);
			sourceTree = "<group>";
		};
		7B1C37D31C8AC9B700B0F0AD /* Products */ = {
			isa = PBXGroup;
			children = (
				7B1C37D21C8AC9B700B0F0AD /* 19-通过代码自定义cell.app */,
			);
			name = Products;
			sourceTree = "<group>";
		};
		7B1C37D41C8AC9B700B0F0AD /* 19-通过代码自定义cell */ = {
			isa = PBXGroup;
			children = (
				7BFE4C451C8C7CC9006AB106 /* Classes */,
				7B1C37D51C8AC9B700B0F0AD /* Supporting Files */,
			);
			name = "19-通过代码自定义cell";
			path = "18-通过代码自定义cell";
			sourceTree = "<group>";
		};
		7B1C37D51C8AC9B700B0F0AD /* Supporting Files */ = {
			isa = PBXGroup;
			children = (
				7B1C37E61C8AC9B700B0F0AD /* Info.plist */,
				7B1C37E31C8AC9B700B0F0AD /* LaunchScreen.storyboard */,
				7B1C37DE1C8AC9B700B0F0AD /* Main.storyboard */,
				7B1C37E11C8AC9B700B0F0AD /* Assets.xcassets */,
				7B1C37F21C8AD4C300B0F0AD /* images */,
				7B1C37D61C8AC9B700B0F0AD /* main.m */,
			);
			name = "Supporting Files";
			sourceTree = "<group>";
		};
		7B1C37F21C8AD4C300B0F0AD /* images */ = {
			isa = PBXGroup;
			children = (
				7B1C38131C8AD78900B0F0AD /* weibo_not_vip.png */,
				7B1C38141C8AD78900B0F0AD /* weibo_vip.png */,
				7B1C37F31C8AD4C300B0F0AD /* baby.jpg */,
				7B1C37F41C8AD4C300B0F0AD /* bag.jpg */,
				7B1C37F51C8AD4C300B0F0AD /* book.jpg */,
				7B1C37F61C8AD4C300B0F0AD /* buty.jpg */,
				7B1C37F71C8AD4C300B0F0AD /* clean.jpg */,
				7B1C37F81C8AD4C300B0F0AD /* clothe.jpg */,
				7B1C37F91C8AD4C300B0F0AD /* decoration.jpg */,
				7B1C37FA1C8AD4C300B0F0AD /* food.jpg */,
				7B1C37FB1C8AD4C300B0F0AD /* home.jpg */,
				7B1C37FC1C8AD4C300B0F0AD /* knife.jpg */,
				7B1C37FD1C8AD4C300B0F0AD /* life.jpg */,
				7B1C37FE1C8AD4C300B0F0AD /* mechine.jpg */,
				7B1C37FF1C8AD4C300B0F0AD /* pet.jpg */,
				7B1C38001C8AD4C300B0F0AD /* phone.jpg */,
				7B1C38011C8AD4C300B0F0AD /* weibo.plist */,
				7B1C38021C8AD4C300B0F0AD /* toy.jpg */,
			);
			path = images;
			sourceTree = "<group>";
		};
		7BFE4C451C8C7CC9006AB106 /* Classes */ = {
			isa = PBXGroup;
			children = (
				7BFE4C491C8C7CE8006AB106 /* Other */,
				7BFE4C481C8C7CDF006AB106 /* View */,
				7BFE4C471C8C7CD9006AB106 /* Model */,
				7BFE4C461C8C7CD1006AB106 /* Controller */,
			);
			name = Classes;
			sourceTree = "<group>";
		};
		7BFE4C461C8C7CD1006AB106 /* Controller */ = {
			isa = PBXGroup;
			children = (
				7B1C37DB1C8AC9B700B0F0AD /* ViewController.h */,
				7B1C37DC1C8AC9B700B0F0AD /* ViewController.m */,
			);
			name = Controller;
			sourceTree = "<group>";
		};
		7BFE4C471C8C7CD9006AB106 /* Model */ = {
			isa = PBXGroup;
			children = (
				7B1C37EF1C8AD2EB00B0F0AD /* Weibo.h */,
				7B1C37F01C8AD2EB00B0F0AD /* Weibo.m */,
			);
			name = Model;
			sourceTree = "<group>";
		};
		7BFE4C481C8C7CDF006AB106 /* View */ = {
			isa = PBXGroup;
			children = (
				7B1C38171C8ADC8C00B0F0AD /* WeiboFrame.h */,
				7B1C38181C8ADC8C00B0F0AD /* WeiboFrame.m */,
				7B1C381A1C8ADECA00B0F0AD /* WeiboCell.h */,
				7B1C381B1C8ADECA00B0F0AD /* WeiboCell.m */,
			);
			name = View;
			sourceTree = "<group>";
		};
		7BFE4C491C8C7CE8006AB106 /* Other */ = {
			isa = PBXGroup;
			children = (
				7B1C37D81C8AC9B700B0F0AD /* AppDelegate.h */,
				7B1C37D91C8AC9B700B0F0AD /* AppDelegate.m */,
			);
			name = Other;
			sourceTree = "<group>";
		};
/* End PBXGroup section */

/* Begin PBXNativeTarget section */
		7B1C37D11C8AC9B700B0F0AD /* 19-通过代码自定义cell */ = {
			isa = PBXNativeTarget;
			buildConfigurationList = 7B1C37E91C8AC9B700B0F0AD /* Build configuration list for PBXNativeTarget "19-通过代码自定义cell" */;
			buildPhases = (
				7B1C37CE1C8AC9B700B0F0AD /* Sources */,
				7B1C37CF1C8AC9B700B0F0AD /* Frameworks */,
				7B1C37D01C8AC9B700B0F0AD /* Resources */,
			);
			buildRules = (
			);
			dependencies = (
			);
			name = "19-通过代码自定义cell";
			productName = "18-通过代码自定义cell";
			productReference = 7B1C37D21C8AC9B700B0F0AD /* 19-通过代码自定义cell.app */;
			productType = "com.apple.product-type.application";
		};
/* End PBXNativeTarget section */

/* Begin PBXProject section */
		7B1C37CA1C8AC9B700B0F0AD /* Project object */ = {
			isa = PBXProject;
			attributes = {
				LastUpgradeCheck = 0720;
				ORGANIZATIONNAME = "赵洪禹";
				TargetAttributes = {
					7B1C37D11C8AC9B700B0F0AD = {
						CreatedOnToolsVersion = 7.2.1;
						DevelopmentTeam = EF5G8P3LG6;
					};
				};
			};
			buildConfigurationList = 7B1C37CD1C8AC9B700B0F0AD /* Build configuration list for PBXProject "19-通过代码自定义cell" */;
			compatibilityVersion = "Xcode 3.2";
			developmentRegion = English;
			hasScannedForEncodings = 0;
			knownRegions = (
				en,
				Base,
			);
			mainGroup = 7B1C37C91C8AC9B700B0F0AD;
			productRefGroup = 7B1C37D31C8AC9B700B0F0AD /* Products */;
			projectDirPath = "";
			projectRoot = "";
			targets = (
				7B1C37D11C8AC9B700B0F0AD /* 19-通过代码自定义cell */,
			);
		};
/* End PBXProject section */

/* Begin PBXResourcesBuildPhase section */
		7B1C37D01C8AC9B700B0F0AD /* Resources */ = {
			isa = PBXResourcesBuildPhase;
			buildActionMask = 2147483647;
			files = (
				7B1C37E51C8AC9B700B0F0AD /* LaunchScreen.storyboard in Resources */,
				7B1C38031C8AD4C300B0F0AD /* baby.jpg in Resources */,
				7B1C38111C8AD4C300B0F0AD /* weibo.plist in Resources */,
				7B1C38121C8AD4C300B0F0AD /* toy.jpg in Resources */,
				7B1C380A1C8AD4C300B0F0AD /* food.jpg in Resources */,
				7B1C38041C8AD4C300B0F0AD /* bag.jpg in Resources */,
				7B1C380B1C8AD4C300B0F0AD /* home.jpg in Resources */,
				7B1C38071C8AD4C300B0F0AD /* clean.jpg in Resources */,
				7B1C380C1C8AD4C300B0F0AD /* knife.jpg in Resources */,
				7B1C37E21C8AC9B700B0F0AD /* Assets.xcassets in Resources */,
				7B1C38161C8AD78900B0F0AD /* weibo_vip.png in Resources */,
				7B1C380E1C8AD4C300B0F0AD /* mechine.jpg in Resources */,
				7B1C38101C8AD4C300B0F0AD /* phone.jpg in Resources */,
				7B1C38151C8AD78900B0F0AD /* weibo_not_vip.png in Resources */,
				7B1C38051C8AD4C300B0F0AD /* book.jpg in Resources */,
				7B1C380D1C8AD4C300B0F0AD /* life.jpg in Resources */,
				7B1C38081C8AD4C300B0F0AD /* clothe.jpg in Resources */,
				7B1C37E01C8AC9B700B0F0AD /* Main.storyboard in Resources */,
				7B1C38061C8AD4C300B0F0AD /* buty.jpg in Resources */,
				7B1C38091C8AD4C300B0F0AD /* decoration.jpg in Resources */,
				7B1C380F1C8AD4C300B0F0AD /* pet.jpg in Resources */,
			);
			runOnlyForDeploymentPostprocessing = 0;
		};
/* End PBXResourcesBuildPhase section */

/* Begin PBXSourcesBuildPhase section */
		7B1C37CE1C8AC9B700B0F0AD /* Sources */ = {
			isa = PBXSourcesBuildPhase;
			buildActionMask = 2147483647;
			files = (
				7B1C381D1C8B052C00B0F0AD /* AppDelegate.m in Sources */,
				7B1C381E1C8B052C00B0F0AD /* ViewController.m in Sources */,
				7B1C381F1C8B052C00B0F0AD /* main.m in Sources */,
				7B1C38201C8B052C00B0F0AD /* Weibo.m in Sources */,
				7B1C38211C8B052C00B0F0AD /* WeiboFrame.m in Sources */,
				7B1C38221C8B052C00B0F0AD /* WeiboCell.m in Sources */,
			);
			runOnlyForDeploymentPostprocessing = 0;
		};
/* End PBXSourcesBuildPhase section */

/* Begin PBXVariantGroup section */
		7B1C37DE1C8AC9B700B0F0AD /* Main.storyboard */ = {
			isa = PBXVariantGroup;
			children = (
				7B1C37DF1C8AC9B700B0F0AD /* Base */,
			);
			name = Main.storyboard;
			sourceTree = "<group>";
		};
		7B1C37E31C8AC9B700B0F0AD /* LaunchScreen.storyboard */ = {
			isa = PBXVariantGroup;
			children = (
				7B1C37E41C8AC9B700B0F0AD /* Base */,
			);
			name = LaunchScreen.storyboard;
			sourceTree = "<group>";
		};
/* End PBXVariantGroup section */

/* Begin XCBuildConfiguration section */
		7B1C37E71C8AC9B700B0F0AD /* Debug */ = {
			isa = XCBuildConfiguration;
			buildSettings = {
				ALWAYS_SEARCH_USER_PATHS = NO;
				CLANG_CXX_LANGUAGE_STANDARD = "gnu++0x";
				CLANG_CXX_LIBRARY = "libc++";
				CLANG_ENABLE_MODULES = YES;
				CLANG_ENABLE_OBJC_ARC = YES;
				CLANG_WARN_BOOL_CONVERSION = YES;
				CLANG_WARN_CONSTANT_CONVERSION = YES;
				CLANG_WARN_DIRECT_OBJC_ISA_USAGE = YES_ERROR;
				CLANG_WARN_EMPTY_BODY = YES;
				CLANG_WARN_ENUM_CONVERSION = YES;
				CLANG_WARN_INT_CONVERSION = YES;
				CLANG_WARN_OBJC_ROOT_CLASS = YES_ERROR;
				CLANG_WARN_UNREACHABLE_CODE = YES;
				CLANG_WARN__DUPLICATE_METHOD_MATCH = YES;
				"CODE_SIGN_IDENTITY[sdk=iphoneos*]" = "iPhone Developer";
				COPY_PHASE_STRIP = NO;
				DEBUG_INFORMATION_FORMAT = dwarf;
				ENABLE_STRICT_OBJC_MSGSEND = YES;
				ENABLE_TESTABILITY = YES;
				GCC_C_LANGUAGE_STANDARD = gnu99;
				GCC_DYNAMIC_NO_PIC = NO;
				GCC_NO_COMMON_BLOCKS = YES;
				GCC_OPTIMIZATION_LEVEL = 0;
				GCC_PREPROCESSOR_DEFINITIONS = (
					"DEBUG=1",
					"$(inherited)",
				);
				GCC_WARN_64_TO_32_BIT_CONVERSION = YES;
				GCC_WARN_ABOUT_RETURN_TYPE = YES_ERROR;
				GCC_WARN_UNDECLARED_SELECTOR = YES;
				GCC_WARN_UNINITIALIZED_AUTOS = YES_AGGRESSIVE;
				GCC_WARN_UNUSED_FUNCTION = YES;
				GCC_WARN_UNUSED_VARIABLE = YES;
				IPHONEOS_DEPLOYMENT_TARGET = 9.2;
				MTL_ENABLE_DEBUG_INFO = YES;
				ONLY_ACTIVE_ARCH = YES;
				SDKROOT = iphoneos;
			};
			name = Debug;
		};
		7B1C37E81C8AC9B700B0F0AD /* Release */ = {
			isa = XCBuildConfiguration;
			buildSettings = {
				ALWAYS_SEARCH_USER_PATHS = NO;
				CLANG_CXX_LANGUAGE_STANDARD = "gnu++0x";
				CLANG_CXX_LIBRARY = "libc++";
				CLANG_ENABLE_MODULES = YES;
				CLANG_ENABLE_OBJC_ARC = YES;
				CLANG_WARN_BOOL_CONVERSION = YES;
				CLANG_WARN_CONSTANT_CONVERSION = YES;
				CLANG_WARN_DIRECT_OBJC_ISA_USAGE = YES_ERROR;
				CLANG_WARN_EMPTY_BODY = YES;
				CLANG_WARN_ENUM_CONVERSION = YES;
				CLANG_WARN_INT_CONVERSION = YES;
				CLANG_WARN_OBJC_ROOT_CLASS = YES_ERROR;
				CLANG_WARN_UNREACHABLE_CODE = YES;
				CLANG_WARN__DUPLICATE_METHOD_MATCH = YES;
				"CODE_SIGN_IDENTITY[sdk=iphoneos*]" = "iPhone Developer";
				COPY_PHASE_STRIP = NO;
				DEBUG_INFORMATION_FORMAT = "dwarf-with-dsym";
				ENABLE_NS_ASSERTIONS = NO;
				ENABLE_STRICT_OBJC_MSGSEND = YES;
				GCC_C_LANGUAGE_STANDARD = gnu99;
				GCC_NO_COMMON_BLOCKS = YES;
				GCC_WARN_64_TO_32_BIT_CONVERSION = YES;
				GCC_WARN_ABOUT_RETURN_TYPE = YES_ERROR;
				GCC_WARN_UNDECLARED_SELECTOR = YES;
				GCC_WARN_UNINITIALIZED_AUTOS = YES_AGGRESSIVE;
				GCC_WARN_UNUSED_FUNCTION = YES;
				GCC_WARN_UNUSED_VARIABLE = YES;
				IPHONEOS_DEPLOYMENT_TARGET = 9.2;
				MTL_ENABLE_DEBUG_INFO = NO;
				SDKROOT = iphoneos;
				VALIDATE_PRODUCT = YES;
			};
			name = Release;
		};
		7B1C37EA1C8AC9B700B0F0AD /* Debug */ = {
			isa = XCBuildConfiguration;
			buildSettings = {
				ASSETCATALOG_COMPILER_APPICON_NAME = AppIcon;
				INFOPLIST_FILE = "18-通过代码自定义cell/Info.plist";
				LD_RUNPATH_SEARCH_PATHS = "$(inherited) @executable_path/Frameworks";
				PRODUCT_BUNDLE_IDENTIFIER = "learnoc.-9--------cell";
				PRODUCT_NAME = "19-通过代码自定义cell";
			};
			name = Debug;
		};
		7B1C37EB1C8AC9B700B0F0AD /* Release */ = {
			isa = XCBuildConfiguration;
			buildSettings = {
				ASSETCATALOG_COMPILER_APPICON_NAME = AppIcon;
				INFOPLIST_FILE = "18-通过代码自定义cell/Info.plist";
				LD_RUNPATH_SEARCH_PATHS = "$(inherited) @executable_path/Frameworks";
				PRODUCT_BUNDLE_IDENTIFIER = "learnoc.-9--------cell";
				PRODUCT_NAME = "19-通过代码自定义cell";
			};
			name = Release;
		};
/* End XCBuildConfiguration section */

/* Begin XCConfigurationList section */
		7B1C37CD1C8AC9B700B0F0AD /* Build configuration list for PBXProject "19-通过代码自定义cell" */ = {
			isa = XCConfigurationList;
			buildConfigurations = (
				7B1C37E71C8AC9B700B0F0AD /* Debug */,
				7B1C37E81C8AC9B700B0F0AD /* Release */,
			);
			defaultConfigurationIsVisible = 0;
			defaultConfigurationName = Release;
		};
		7B1C37E91C8AC9B700B0F0AD /* Build configuration list for PBXNativeTarget "19-通过代码自定义cell" */ = {
			isa = XCConfigurationList;
			buildConfigurations = (
				7B1C37EA1C8AC9B700B0F0AD /* Debug */,
				7B1C37EB1C8AC9B700B0F0AD /* Release */,
			);
			defaultConfigurationIsVisible = 0;
			defaultConfigurationName = Release;
		};
/* End XCConfigurationList section */
	};
	rootObject = 7B1C37CA1C8AC9B700B0F0AD /* Project object */;
}
